<?xml version="1.0" encoding="utf-8"?>
<Project ToolsVersion="4.0" xmlns="http://schemas.microsoft.com/developer/msbuild/2003">
  <ItemGroup>
    <Filter Include="Source Files">
      <UniqueIdentifier>{4FC737F1-C7A5-4376-A066-2A32D752A2FF}</UniqueIdentifier>
      <Extensions>cpp;c;cc;cxx;def;odl;idl;hpj;bat;asm;asmx</Extensions>
    </Filter>
    <Filter Include="Header Files">
      <UniqueIdentifier>{93995380-89BD-4b04-88EB-625FBE52EBFB}</UniqueIdentifier>
      <Extensions>h;hpp;hxx;hm;inl;inc;xsd</Extensions>
    </Filter>
    <Filter Include="Resource Files">
      <UniqueIdentifier>{67DA6AB6-F800-4c08-8B7A-83BB121AAD01}</UniqueIdentifier>
      <Extensions>rc;ico;cur;bmp;dlg;rc2;rct;bin;rgs;gif;jpg;jpeg;jpe;resx;tiff;tif;png;wav;mfcribbon-ms</Extensions>
    </Filter>
    <Filter Include="Header Files\Entity">
      <UniqueIdentifier>{af9b95ab-d50b-4b2f-a0be-2165739b94be}</UniqueIdentifier>
    </Filter>
    <Filter Include="Source Files\Entity">
      <UniqueIdentifier>{b14adb0b-3101-4d34-9dc3-76eb17349dfb}</UniqueIdentifier>
    </Filter>
    <Filter Include="Source Files\Layers">
      <UniqueIdentifier>{2c42bf83-d329-4c80-aabb-5fbee060d3af}</UniqueIdentifier>
    </Filter>
    <Filter Include="Source Files\Activities">
      <UniqueIdentifier>{ad2ec7df-ba54-4a2f-b13c-ad68f1908e9d}</UniqueIdentifier>
    </Filter>
    <Filter Include="Header Files\Activities">
      <UniqueIdentifier>{7f1b5c95-c835-411c-b39a-53367314ad01}</UniqueIdentifier>
    </Filter>
    <Filter Include="Source Files\Animations">
      <UniqueIdentifier>{58308d7c-a2a9-4467-998a-aabed65ac672}</UniqueIdentifier>
    </Filter>
    <Filter Include="Header Files\Animations">
      <UniqueIdentifier>{40b17d7f-c55e-41c6-8b42-0378993d4bb8}</UniqueIdentifier>
    </Filter>
    <Filter Include="Header Files\Layers">
      <UniqueIdentifier>{5dca32d6-13ee-41ca-b7ca-1860796305bf}</UniqueIdentifier>
    </Filter>
    <Filter Include="Source Files\Entity\Planets">
      <UniqueIdentifier>{fbe97057-0953-4f27-9ba1-111ad9b3115c}</UniqueIdentifier>
    </Filter>
    <Filter Include="Header Files\Entity\Planets">
      <UniqueIdentifier>{c30df4ee-bdac-467f-bace-f931391e8589}</UniqueIdentifier>
    </Filter>
    <Filter Include="Header Files\Utility">
      <UniqueIdentifier>{fa90fb7f-b21b-4fdb-a3ac-8f263c976b67}</UniqueIdentifier>
    </Filter>
    <Filter Include="Source Files\Utility">
      <UniqueIdentifier>{018a66df-749a-4649-8d14-f4e99ca5a886}</UniqueIdentifier>
    </Filter>
  </ItemGroup>
  <ItemGroup>
    <ClCompile Include="main.cpp">
      <Filter>Source Files</Filter>
    </ClCompile>
    <ClCompile Include="Entity.cpp">
      <Filter>Source Files\Entity</Filter>
    </ClCompile>
    <ClCompile Include="Layer.cpp">
      <Filter>Source Files\Layers</Filter>
    </ClCompile>
    <ClCompile Include="Activity.cpp">
      <Filter>Source Files\Activities</Filter>
    </ClCompile>
    <ClCompile Include="SpriteAnimation.cpp">
      <Filter>Source Files\Animations</Filter>
    </ClCompile>
    <ClCompile Include="AnimatedSprite.cpp">
      <Filter>Source Files\Animations</Filter>
    </ClCompile>
    <ClCompile Include="GameLayer.cpp">
      <Filter>Source Files\Layers</Filter>
    </ClCompile>
    <ClCompile Include="Animation.cpp">
      <Filter>Source Files\Animations</Filter>
    </ClCompile>
    <ClCompile Include="Planet.cpp">
      <Filter>Source Files\Entity\Planets</Filter>
    </ClCompile>
    <ClCompile Include="DebugLayer.cpp">
      <Filter>Source Files\Layers</Filter>
    </ClCompile>
    <ClCompile Include="Utility.cpp">
      <Filter>Source Files\Utility</Filter>
    </ClCompile>
    <ClCompile Include="noiseutils.cpp">
      <Filter>Source Files\Utility</Filter>
    </ClCompile>
  </ItemGroup>
  <ItemGroup>
    <ClInclude Include="Entity.h">
      <Filter>Header Files\Entity</Filter>
    </ClInclude>
    <ClInclude Include="Activity.h">
      <Filter>Header Files\Activities</Filter>
    </ClInclude>
    <ClInclude Include="AnimatedSprite.hpp">
      <Filter>Header Files\Animations</Filter>
    </ClInclude>
    <ClInclude Include="SpriteAnimation.hpp">
      <Filter>Header Files\Animations</Filter>
    </ClInclude>
    <ClInclude Include="Layer.h">
      <Filter>Header Files\Layers</Filter>
    </ClInclude>
    <ClInclude Include="GameLayer.h">
      <Filter>Header Files\Layers</Filter>
    </ClInclude>
    <ClInclude Include="Animation.h">
      <Filter>Header Files\Animations</Filter>
    </ClInclude>
    <ClInclude Include="Application.h">
      <Filter>Header Files</Filter>
    </ClInclude>
    <ClInclude Include="Constants.h">
      <Filter>Header Files</Filter>
    </ClInclude>
    <ClInclude Include="Planet.h">
      <Filter>Header Files\Entity\Planets</Filter>
    </ClInclude>
    <ClInclude Include="HudLayer.h">
      <Filter>Header Files\Layers</Filter>
    </ClInclude>
    <ClInclude Include="DebugLayer.h">
      <Filter>Header Files\Layers</Filter>
    </ClInclude>
    <ClInclude Include="Utility.h">
      <Filter>Header Files\Utility</Filter>
    </ClInclude>
    <ClInclude Include="noiseutils.h">
      <Filter>Header Files\Utility</Filter>
    </ClInclude>
  </ItemGroup>
  <ItemGroup>
    <None Include="arial.ttf">
      <Filter>Resource Files</Filter>
    </None>
    <None Include="Resources\background.png">
      <Filter>Resource Files</Filter>
    </None>
    <None Include="Resources\emissive.png">
      <Filter>Resource Files</Filter>
    </None>
    <None Include="Resources\lightAttenuationShader.frag">
      <Filter>Resource Files</Filter>
    </None>
    <None Include="Resources\lightFin.png">
      <Filter>Resource Files</Filter>
    </None>
  </ItemGroup>
</Project>